// !$*UTF8*$!
{
	archiveVersion = 1;
	classes = {
	};
	objectVersion = 46;
	objects = {

/* Begin PBXBuildFile section */
		FA91DC3E1B803A630068A8FD /* main.m in Sources */ = {isa = PBXBuildFile; fileRef = FA91DC3D1B803A630068A8FD /* main.m */; };
		FA91DC411B803A630068A8FD /* AppDelegate.m in Sources */ = {isa = PBXBuildFile; fileRef = FA91DC401B803A630068A8FD /* AppDelegate.m */; };
		FA91DC441B803A640068A8FD /* ViewController.m in Sources */ = {isa = PBXBuildFile; fileRef = FA91DC431B803A640068A8FD /* ViewController.m */; };
		FA91DC471B803A640068A8FD /* Main.storyboard in Resources */ = {isa = PBXBuildFile; fileRef = FA91DC451B803A640068A8FD /* Main.storyboard */; };
		FA91DC491B803A640068A8FD /* Images.xcassets in Resources */ = {isa = PBXBuildFile; fileRef = FA91DC481B803A640068A8FD /* Images.xcassets */; };
		FA91DC4C1B803A640068A8FD /* LaunchScreen.xib in Resources */ = {isa = PBXBuildFile; fileRef = FA91DC4A1B803A640068A8FD /* LaunchScreen.xib */; };
		FA91DC581B803A640068A8FD /* learnGitTestTests.m in Sources */ = {isa = PBXBuildFile; fileRef = FA91DC571B803A640068A8FD /* learnGitTestTests.m */; };
/* End PBXBuildFile section */

/* Begin PBXContainerItemProxy section */
		FA91DC521B803A640068A8FD /* PBXContainerItemProxy */ = {
			isa = PBXContainerItemProxy;
			containerPortal = FA91DC301B803A630068A8FD /* Project object */;
			proxyType = 1;
			remoteGlobalIDString = FA91DC371B803A630068A8FD;
			remoteInfo = learnGitTest;
		};
/* End PBXContainerItemProxy section */

/* Begin PBXFileReference section */
		FA91DC381B803A630068A8FD /* learnGitTest.app */ = {isa = PBXFileReference; explicitFileType = wrapper.application; includeInIndex = 0; path = learnGitTest.app; sourceTree = BUILT_PRODUCTS_DIR; };
		FA91DC3C1B803A630068A8FD /* Info.plist */ = {isa = PBXFileReference; lastKnownFileType = text.plist.xml; path = Info.plist; sourceTree = "<group>"; };
		FA91DC3D1B803A630068A8FD /* main.m */ = {isa = PBXFileReference; lastKnownFileType = sourcecode.c.objc; path = main.m; sourceTree = "<group>"; };
		FA91DC3F1B803A630068A8FD /* AppDelegate.h */ = {isa = PBXFileReference; lastKnownFileType = sourcecode.c.h; path = AppDelegate.h; sourceTree = "<group>"; };
		FA91DC401B803A630068A8FD /* AppDelegate.m */ = {isa = PBXFileReference; lastKnownFileType = sourcecode.c.objc; path = AppDelegate.m; sourceTree = "<group>"; };
		FA91DC421B803A630068A8FD /* ViewController.h */ = {isa = PBXFileReference; lastKnownFileType = sourcecode.c.h; path = ViewController.h; sourceTree = "<group>"; };
		FA91DC431B803A640068A8FD /* ViewController.m */ = {isa = PBXFileReference; lastKnownFileType = sourcecode.c.objc; path = ViewController.m; sourceTree = "<group>"; };
		FA91DC461B803A640068A8FD /* Base */ = {isa = PBXFileReference; lastKnownFileType = file.storyboard; name = Base; path = Base.lproj/Main.storyboard; sourceTree = "<group>"; };
		FA91DC481B803A640068A8FD /* Images.xcassets */ = {isa = PBXFileReference; lastKnownFileType = folder.assetcatalog; path = Images.xcassets; sourceTree = "<group>"; };
		FA91DC4B1B803A640068A8FD /* Base */ = {isa = PBXFileReference; lastKnownFileType = file.xib; name = Base; path = Base.lproj/LaunchScreen.xib; sourceTree = "<group>"; };
		FA91DC511B803A640068A8FD /* learnGitTestTests.xctest */ = {isa = PBXFileReference; explicitFileType = wrapper.cfbundle; includeInIndex = 0; path = learnGitTestTests.xctest; sourceTree = BUILT_PRODUCTS_DIR; };
		FA91DC561B803A640068A8FD /* Info.plist */ = {isa = PBXFileReference; lastKnownFileType = text.plist.xml; path = Info.plist; sourceTree = "<group>"; };
		FA91DC571B803A640068A8FD /* learnGitTestTests.m */ = {isa = PBXFileReference; lastKnownFileType = sourcecode.c.objc; path = learnGitTestTests.m; sourceTree = "<group>"; };
/* End PBXFileReference section */

/* Begin PBXFrameworksBuildPhase section */
		FA91DC351B803A630068A8FD /* Frameworks */ = {
			isa = PBXFrameworksBuildPhase;
			buildActionMask = 2147483647;
			files = (
			);
			runOnlyForDeploymentPostprocessing = 0;
		};
		FA91DC4E1B803A640068A8FD /* Frameworks */ = {
			isa = PBXFrameworksBuildPhase;
			buildActionMask = 2147483647;
			files = (
			);
			runOnlyForDeploymentPostprocessing = 0;
		};
/* End PBXFrameworksBuildPhase section */

/* Begin PBXGroup section */
		FA91DC2F1B803A630068A8FD = {
			isa = PBXGroup;
			children = (
				FA91DC3A1B803A630068A8FD /* learnGitTest */,
				FA91DC541B803A640068A8FD /* learnGitTestTests */,
				FA91DC391B803A630068A8FD /* Products */,
			);
			sourceTree = "<group>";
		};
		FA91DC391B803A630068A8FD /* Products */ = {
			isa = PBXGroup;
			children = (
				FA91DC381B803A630068A8FD /* learnGitTest.app */,
				FA91DC511B803A640068A8FD /* learnGitTestTests.xctest */,
			);
			name = Products;
			sourceTree = "<group>";
		};
		FA91DC3A1B803A630068A8FD /* learnGitTest */ = {
			isa = PBXGroup;
			children = (
				FA91DC3F1B803A630068A8FD /* AppDelegate.h */,
				FA91DC401B803A630068A8FD /* AppDelegate.m */,
				FA91DC421B803A630068A8FD /* ViewController.h */,
				FA91DC431B803A640068A8FD /* ViewController.m */,
				FA91DC451B803A640068A8FD /* Main.storyboard */,
				FA91DC481B803A640068A8FD /* Images.xcassets */,
				FA91DC4A1B803A640068A8FD /* LaunchScreen.xib */,
				FA91DC3B1B803A630068A8FD /* Supporting Files */,
			);
			path = learnGitTest;
			sourceTree = "<group>";
		};
		FA91DC3B1B803A630068A8FD /* Supporting Files */ = {
			isa = PBXGroup;
			children = (
				FA91DC3C1B803A630068A8FD /* Info.plist */,
				FA91DC3D1B803A630068A8FD /* main.m */,
			);
			name = "Supporting Files";
			sourceTree = "<group>";
		};
		FA91DC541B803A640068A8FD /* learnGitTestTests */ = {
			isa = PBXGroup;
			children = (
				FA91DC571B803A640068A8FD /* learnGitTestTests.m */,
				FA91DC551B803A640068A8FD /* Supporting Files */,
			);
			path = learnGitTestTests;
			sourceTree = "<group>";
		};
		FA91DC551B803A640068A8FD /* Supporting Files */ = {
			isa = PBXGroup;
			children = (
				FA91DC561B803A640068A8FD /* Info.plist */,
			);
			name = "Supporting Files";
			sourceTree = "<group>";
		};
/* End PBXGroup section */

/* Begin PBXNativeTarget section */
		FA91DC371B803A630068A8FD /* learnGitTest */ = {
			isa = PBXNativeTarget;
			buildConfigurationList = FA91DC5B1B803A640068A8FD /* Build configuration list for PBXNativeTarget "learnGitTest" */;
			buildPhases = (
				FA91DC341B803A630068A8FD /* Sources */,
				FA91DC351B803A630068A8FD /* Frameworks */,
				FA91DC361B803A630068A8FD /* Resources */,
			);
			buildRules = (
			);
			dependencies = (
			);
			name = learnGitTest;
			productName = learnGitTest;
			productReference = FA91DC381B803A630068A8FD /* learnGitTest.app */;
			productType = "com.apple.product-type.application";
		};
		FA91DC501B803A640068A8FD /* learnGitTestTests */ = {
			isa = PBXNativeTarget;
			buildConfigurationList = FA91DC5E1B803A640068A8FD /* Build configuration list for PBXNativeTarget "learnGitTestTests" */;
			buildPhases = (
				FA91DC4D1B803A640068A8FD /* Sources */,
				FA91DC4E1B803A640068A8FD /* Frameworks */,
				FA91DC4F1B803A640068A8FD /* Resources */,
			);
			buildRules = (
			);
			dependencies = (
				FA91DC531B803A640068A8FD /* PBXTargetDependency */,
			);
			name = learnGitTestTests;
			productName = learnGitTestTests;
			productReference = FA91DC511B803A640068A8FD /* learnGitTestTests.xctest */;
			productType = "com.apple.product-type.bundle.unit-test";
		};
/* End PBXNativeTarget section */

/* Begin PBXProject section */
		FA91DC301B803A630068A8FD /* Project object */ = {
			isa = PBXProject;
			attributes = {
				LastUpgradeCheck = 0630;
				ORGANIZATIONNAME = xinghuo;
				TargetAttributes = {
					FA91DC371B803A630068A8FD = {
						CreatedOnToolsVersion = 6.3.1;
					};
					FA91DC501B803A640068A8FD = {
						CreatedOnToolsVersion = 6.3.1;
						TestTargetID = FA91DC371B803A630068A8FD;
					};
				};
			};
			buildConfigurationList = FA91DC331B803A630068A8FD /* Build configuration list for PBXProject "learnGitTest" */;
			compatibilityVersion = "Xcode 3.2";
			developmentRegion = English;
			hasScannedForEncodings = 0;
			knownRegions = (
				en,
				Base,
			);
			mainGroup = FA91DC2F1B803A630068A8FD;
			productRefGroup = FA91DC391B803A630068A8FD /* Products */;
			projectDirPath = "";
			projectRoot = "";
			targets = (
				FA91DC371B803A630068A8FD /* learnGitTest */,
				FA91DC501B803A640068A8FD /* learnGitTestTests */,
			);
		};
/* End PBXProject section */

/* Begin PBXResourcesBuildPhase section */
		FA91DC361B803A630068A8FD /* Resources */ = {
			isa = PBXResourcesBuildPhase;
			buildActionMask = 2147483647;
			files = (
				FA91DC471B803A640068A8FD /* Main.storyboard in Resources */,
				FA91DC4C1B803A640068A8FD /* LaunchScreen.xib in Resources */,
				FA91DC491B803A640068A8FD /* Images.xcassets in Resources */,
			);
			runOnlyForDeploymentPostprocessing = 0;
		};
		FA91DC4F1B803A640068A8FD /* Resources */ = {
			isa = PBXResourcesBuildPhase;
			buildActionMask = 2147483647;
			files = (
			);
			runOnlyForDeploymentPostprocessing = 0;
		};
/* End PBXResourcesBuildPhase section */

/* Begin PBXSourcesBuildPhase section */
		FA91DC341B803A630068A8FD /* Sources */ = {
			isa = PBXSourcesBuildPhase;
			buildActionMask = 2147483647;
			files = (
				FA91DC441B803A640068A8FD /* ViewController.m in Sources */,
				FA91DC411B803A630068A8FD /* AppDelegate.m in Sources */,
				FA91DC3E1B803A630068A8FD /* main.m in Sources */,
			);
			runOnlyForDeploymentPostprocessing = 0;
		};
		FA91DC4D1B803A640068A8FD /* Sources */ = {
			isa = PBXSourcesBuildPhase;
			buildActionMask = 2147483647;
			files = (
				FA91DC581B803A640068A8FD /* learnGitTestTests.m in Sources */,
			);
			runOnlyForDeploymentPostprocessing = 0;
		};
/* End PBXSourcesBuildPhase section */

/* Begin PBXTargetDependency section */
		FA91DC531B803A640068A8FD /* PBXTargetDependency */ = {
			isa = PBXTargetDependency;
			target = FA91DC371B803A630068A8FD /* learnGitTest */;
			targetProxy = FA91DC521B803A640068A8FD /* PBXContainerItemProxy */;
		};
/* End PBXTargetDependency section */

/* Begin PBXVariantGroup section */
		FA91DC451B803A640068A8FD /* Main.storyboard */ = {
			isa = PBXVariantGroup;
			children = (
				FA91DC461B803A640068A8FD /* Base */,
			);
			name = Main.storyboard;
			sourceTree = "<group>";
		};
		FA91DC4A1B803A640068A8FD /* LaunchScreen.xib */ = {
			isa = PBXVariantGroup;
			children = (
				FA91DC4B1B803A640068A8FD /* Base */,
			);
			name = LaunchScreen.xib;
			sourceTree = "<group>";
		};
/* End PBXVariantGroup section */

/* Begin XCBuildConfiguration section */
		FA91DC591B803A640068A8FD /* Debug */ = {
			isa = XCBuildConfiguration;
			buildSettings = {
				ALWAYS_SEARCH_USER_PATHS = NO;
				CLANG_CXX_LANGUAGE_STANDARD = "gnu++0x";
				CLANG_CXX_LIBRARY = "libc++";
				CLANG_ENABLE_MODULES = YES;
				CLANG_ENABLE_OBJC_ARC = YES;
				CLANG_WARN_BOOL_CONVERSION = YES;
				CLANG_WARN_CONSTANT_CONVERSION = YES;
				CLANG_WARN_DIRECT_OBJC_ISA_USAGE = YES_ERROR;
				CLANG_WARN_EMPTY_BODY = YES;
				CLANG_WARN_ENUM_CONVERSION = YES;
				CLANG_WARN_INT_CONVERSION = YES;
				CLANG_WARN_OBJC_ROOT_CLASS = YES_ERROR;
				CLANG_WARN_UNREACHABLE_CODE = YES;
				CLANG_WARN__DUPLICATE_METHOD_MATCH = YES;
				"CODE_SIGN_IDENTITY[sdk=iphoneos*]" = "iPhone Developer";
				COPY_PHASE_STRIP = NO;
				DEBUG_INFORMATION_FORMAT = "dwarf-with-dsym";
				ENABLE_STRICT_OBJC_MSGSEND = YES;
				GCC_C_LANGUAGE_STANDARD = gnu99;
				GCC_DYNAMIC_NO_PIC = NO;
				GCC_NO_COMMON_BLOCKS = YES;
				GCC_OPTIMIZATION_LEVEL = 0;
				GCC_PREPROCESSOR_DEFINITIONS = (
					"DEBUG=1",
					"$(inherited)",
				);
				GCC_SYMBOLS_PRIVATE_EXTERN = NO;
				GCC_WARN_64_TO_32_BIT_CONVERSION = YES;
				GCC_WARN_ABOUT_RETURN_TYPE = YES_ERROR;
				GCC_WARN_UNDECLARED_SELECTOR = YES;
				GCC_WARN_UNINITIALIZED_AUTOS = YES_AGGRESSIVE;
				GCC_WARN_UNUSED_FUNCTION = YES;
				GCC_WARN_UNUSED_VARIABLE = YES;
				IPHONEOS_DEPLOYMENT_TARGET = 8.3;
				MTL_ENABLE_DEBUG_INFO = YES;
				ONLY_ACTIVE_ARCH = YES;
				SDKROOT = iphoneos;
			};
			name = Debug;
		};
		FA91DC5A1B803A640068A8FD /* Release */ = {
			isa = XCBuildConfiguration;
			buildSettings = {
				ALWAYS_SEARCH_USER_PATHS = NO;
				CLANG_CXX_LANGUAGE_STANDARD = "gnu++0x";
				CLANG_CXX_LIBRARY = "libc++";
				CLANG_ENABLE_MODULES = YES;
				CLANG_ENABLE_OBJC_ARC = YES;
				CLANG_WARN_BOOL_CONVERSION = YES;
				CLANG_WARN_CONSTANT_CONVERSION = YES;
				CLANG_WARN_DIRECT_OBJC_ISA_USAGE = YES_ERROR;
				CLANG_WARN_EMPTY_BODY = YES;
				CLANG_WARN_ENUM_CONVERSION = YES;
				CLANG_WARN_INT_CONVERSION = YES;
				CLANG_WARN_OBJC_ROOT_CLASS = YES_ERROR;
				CLANG_WARN_UNREACHABLE_CODE = YES;
				CLANG_WARN__DUPLICATE_METHOD_MATCH = YES;
				"CODE_SIGN_IDENTITY[sdk=iphoneos*]" = "iPhone Developer";
				COPY_PHASE_STRIP = NO;
				DEBUG_INFORMATION_FORMAT = "dwarf-with-dsym";
				ENABLE_NS_ASSERTIONS = NO;
				ENABLE_STRICT_OBJC_MSGSEND = YES;
				GCC_C_LANGUAGE_STANDARD = gnu99;
				GCC_NO_COMMON_BLOCKS = YES;
				GCC_WARN_64_TO_32_BIT_CONVERSION = YES;
				GCC_WARN_ABOUT_RETURN_TYPE = YES_ERROR;
				GCC_WARN_UNDECLARED_SELECTOR = YES;
				GCC_WARN_UNINITIALIZED_AUTOS = YES_AGGRESSIVE;
				GCC_WARN_UNUSED_FUNCTION = YES;
				GCC_WARN_UNUSED_VARIABLE = YES;
				IPHONEOS_DEPLOYMENT_TARGET = 8.3;
				MTL_ENABLE_DEBUG_INFO = NO;
				SDKROOT = iphoneos;
				VALIDATE_PRODUCT = YES;
			};
			name = Release;
		};
		FA91DC5C1B803A640068A8FD /* Debug */ = {
			isa = XCBuildConfiguration;
			buildSettings = {
				ASSETCATALOG_COMPILER_APPICON_NAME = AppIcon;
				INFOPLIST_FILE = learnGitTest/Info.plist;
				LD_RUNPATH_SEARCH_PATHS = "$(inherited) @executable_path/Frameworks";
				PRODUCT_NAME = "$(TARGET_NAME)";
			};
			name = Debug;
		};
		FA91DC5D1B803A640068A8FD /* Release */ = {
			isa = XCBuildConfiguration;
			buildSettings = {
				ASSETCATALOG_COMPILER_APPICON_NAME = AppIcon;
				INFOPLIST_FILE = learnGitTest/Info.plist;
				LD_RUNPATH_SEARCH_PATHS = "$(inherited) @executable_path/Frameworks";
				PRODUCT_NAME = "$(TARGET_NAME)";
			};
			name = Release;
		};
		FA91DC5F1B803A640068A8FD /* Debug */ = {
			isa = XCBuildConfiguration;
			buildSettings = {
				BUNDLE_LOADER = "$(TEST_HOST)";
				FRAMEWORK_SEARCH_PATHS = (
					"$(SDKROOT)/Developer/Library/Frameworks",
					"$(inherited)",
				);
				GCC_PREPROCESSOR_DEFINITIONS = (
					"DEBUG=1",
					"$(inherited)",
				);
				INFOPLIST_FILE = learnGitTestTests/Info.plist;
				LD_RUNPATH_SEARCH_PATHS = "$(inherited) @executable_path/Frameworks @loader_path/Frameworks";
				PRODUCT_NAME = "$(TARGET_NAME)";
				TEST_HOST = "$(BUILT_PRODUCTS_DIR)/learnGitTest.app/learnGitTest";
			};
			name = Debug;
		};
		FA91DC601B803A640068A8FD /* Release */ = {
			isa = XCBuildConfiguration;
			buildSettings = {
				BUNDLE_LOADER = "$(TEST_HOST)";
				FRAMEWORK_SEARCH_PATHS = (
					"$(SDKROOT)/Developer/Library/Frameworks",
					"$(inherited)",
				);
				INFOPLIST_FILE = learnGitTestTests/Info.plist;
				LD_RUNPATH_SEARCH_PATHS = "$(inherited) @executable_path/Frameworks @loader_path/Frameworks";
				PRODUCT_NAME = "$(TARGET_NAME)";
				TEST_HOST = "$(BUILT_PRODUCTS_DIR)/learnGitTest.app/learnGitTest";
			};
			name = Release;
		};
/* End XCBuildConfiguration section */

/* Begin XCConfigurationList section */
		FA91DC331B803A630068A8FD /* Build configuration list for PBXProject "learnGitTest" */ = {
			isa = XCConfigurationList;
			buildConfigurations = (
				FA91DC591B803A640068A8FD /* Debug */,
				FA91DC5A1B803A640068A8FD /* Release */,
			);
			defaultConfigurationIsVisible = 0;
			defaultConfigurationName = Release;
		};
		FA91DC5B1B803A640068A8FD /* Build configuration list for PBXNativeTarget "learnGitTest" */ = {
			isa = XCConfigurationList;
			buildConfigurations = (
				FA91DC5C1B803A640068A8FD /* Debug */,
				FA91DC5D1B803A640068A8FD /* Release */,
			);
			defaultConfigurationIsVisible = 0;
		};
		FA91DC5E1B803A640068A8FD /* Build configuration list for PBXNativeTarget "learnGitTestTests" */ = {
			isa = XCConfigurationList;
			buildConfigurations = (
				FA91DC5F1B803A640068A8FD /* Debug */,
				FA91DC601B803A640068A8FD /* Release */,
			);
			defaultConfigurationIsVisible = 0;
		};
/* End XCConfigurationList section */
	};
	rootObject = FA91DC301B803A630068A8FD /* Project object */;
}
